
Microsoft Visual Studio Solution File, Format Version 9.00
# Visual Studio 2005
Project("{8BC9CEB8-8B4A-11D0-8D11-00A0C91BC942}") = "mmixlib", "mmixlib.vcproj", "{DACDA282-D702-41D2-B95C-81BF27E05DE0}"
EndProject
Global
	GlobalSection(SolutionConfigurationPlatforms) = preSolution
		Debug|Win32 = Debug|Win32
		Release|Win32 = Release|Win32
	EndGlobalSection
	GlobalSection(ProjectConfigurationPlatforms) = postSolution
		{DACDA282-D702-41D2-B95C-81BF27E05DE0}.Debug|Win32.ActiveCfg = Debug|Win32
		{DACDA282-D702-41D2-B95C-81BF27E05DE0}.Debug|Win32.Build.0 = Debug|Win32
		{DACDA282-D702-41D2-B95C-81BF27E05DE0}.Release|Win32.ActiveCfg = Release|Win32
		{DACDA282-D702-41D2-B95C-81BF27E05DE0}.Release|Win32.Build.0 = Release|Win32
	EndGlobalSection
	GlobalSection(SolutionProperties) = preSolution
		HideSolutionNode = FALSE
	EndGlobalSection
EndGlobal
